{
    "name": "ts-service",
    "version": "1.0.0",
    "lockfileVersion": 1,
    "requires": true,
    "dependencies": {
        "@types/node": {
            "version": "11.11.3",
            "resolved": "https://registry.npmjs.org/@types/node/-/node-11.11.3.tgz",
            "integrity": "sha512-wp6IOGu1lxsfnrD+5mX6qwSwWuqsdkKKxTN4aQc4wByHAKZJf9/D4KXPQ1POUjEbnCP5LMggB0OEFNY9OTsMqg==",
            "dev": true
        },
        "@yupana/class-generator": {
            "version": "0.1.3",
            "resolved": "https://registry.npmjs.org/@yupana/class-generator/-/class-generator-0.1.3.tgz",
            "integrity": "sha512-FG61+FjxE1KTgGPP8Ls2btiX4+8VeV5bPGaCrdDxgjX9rwjuHZyxQnEEtKNTShEOrUi/XxfF2ZRZ2ezPQl8nYA=="
        },
        "@yupana/framework-types": {
            "version": "0.1.3",
            "resolved": "https://registry.npmjs.org/@yupana/framework-types/-/framework-types-0.1.3.tgz",
            "integrity": "sha512-5Y3QPhslQX5WJwtYBSamMPQ9mhu13TkxuwFclFJAWJ74xiYPFfJE8P59kzfj+in1KMQ9a74H5VV3FZqaWU+Yaw==",
            "requires": {
                "@types/node": "^11.13.4"
            },
            "dependencies": {
                "@types/node": {
                    "version": "11.13.13",
                    "resolved": "https://registry.npmjs.org/@types/node/-/node-11.13.13.tgz",
                    "integrity": "sha512-GFWH7e4Q/OGLAO545bupVju+nE1YtLSwYAdLfSzAXnTPqoqKoXCOEtB7Cluvg9B/h2nGLhyzCDyCInYvrOE2nw=="
                }
            }
        },
        "tslib": {
            "version": "1.9.3",
            "resolved": "https://registry.npmjs.org/tslib/-/tslib-1.9.3.tgz",
            "integrity": "sha512-4krF8scpejhaOgqzBEcGM7yDIEfi0/8+8zDRZhNZZ2kjmHJ4hv3zCbQWxoJGz1iw5U0Jl0nma13xzHXcncMavQ==",
            "dev": true
        },
        "typescript": {
            "version": "3.3.3333",
            "resolved": "https://registry.npmjs.org/typescript/-/typescript-3.3.3333.tgz",
            "integrity": "sha512-JjSKsAfuHBE/fB2oZ8NxtRTk5iGcg6hkYXMnZ3Wc+b2RSqejEqTaem11mHASMnFilHrax3sLK0GDzcJrekZYLw==",
            "dev": true
        }
    }
}
